
Microsoft Visual Studio Solution File, Format Version 12.00
# Visual Studio 15
VisualStudioVersion = 15.0.27130.2026
MinimumVisualStudioVersion = 10.0.40219.1
Project("{9A19103F-16F7-4668-BE54-9A1E7A4F7556}") = "Goblin", "Goblin\Goblin.csproj", "{C4E21B58-F5A7-4BF6-B3A7-FA33D5290CD6}"
EndProject
Project("{9A19103F-16F7-4668-BE54-9A1E7A4F7556}") = "Tests", "Tests\Tests.csproj", "{08FB69E7-5D3E-408B-8219-8495B81796C9}"
EndProject
Project("{9A19103F-16F7-4668-BE54-9A1E7A4F7556}") = "Narfu", "Narfu\Narfu.csproj", "{BFB396DB-8CFC-46C1-9148-1305B4A72066}"
EndProject
Project("{9A19103F-16F7-4668-BE54-9A1E7A4F7556}") = "Vk", "Vk\Vk.csproj", "{2DC7F223-BDAF-4A3B-ADE2-0F378A918B3A}"
EndProject
Project("{9A19103F-16F7-4668-BE54-9A1E7A4F7556}") = "OpenWeatherMap", "OpenWeatherMap\OpenWeatherMap.csproj", "{0CD1DD99-3862-49A8-B716-08B685AA2A93}"
EndProject
Project("{9A19103F-16F7-4668-BE54-9A1E7A4F7556}") = "QuotesGenerator", "QuotesGenerator\QuotesGenerator.csproj", "{33D7EA2C-6A9C-475C-8F03-CE819A848A40}"
EndProject
Project("{FAE04EC0-301F-11D3-BF4B-00C04F79EFBC}") = "Goblin.Domain", "Goblin.Domain\Goblin.Domain.csproj", "{871292A8-E3D9-4EF8-9A2C-51495B9C638A}"
EndProject
Project("{FAE04EC0-301F-11D3-BF4B-00C04F79EFBC}") = "Goblin.Persistence", "Goblin.Persistence\Goblin.Persistence.csproj", "{F294274F-9B73-403C-AB77-4028EFCC301B}"
EndProject
Project("{2150E333-8FDC-42A3-9474-1A3956D46DE8}") = "Additions", "Additions", "{C61C101A-1A74-4916-9564-C7AF8F17E581}"
EndProject
Global
	GlobalSection(SolutionConfigurationPlatforms) = preSolution
		Debug|Any CPU = Debug|Any CPU
		Release|Any CPU = Release|Any CPU
	EndGlobalSection
	GlobalSection(ProjectConfigurationPlatforms) = postSolution
		{C4E21B58-F5A7-4BF6-B3A7-FA33D5290CD6}.Debug|Any CPU.ActiveCfg = Debug|Any CPU
		{C4E21B58-F5A7-4BF6-B3A7-FA33D5290CD6}.Debug|Any CPU.Build.0 = Debug|Any CPU
		{C4E21B58-F5A7-4BF6-B3A7-FA33D5290CD6}.Release|Any CPU.ActiveCfg = Release|Any CPU
		{C4E21B58-F5A7-4BF6-B3A7-FA33D5290CD6}.Release|Any CPU.Build.0 = Release|Any CPU
		{08FB69E7-5D3E-408B-8219-8495B81796C9}.Debug|Any CPU.ActiveCfg = Debug|Any CPU
		{08FB69E7-5D3E-408B-8219-8495B81796C9}.Debug|Any CPU.Build.0 = Debug|Any CPU
		{08FB69E7-5D3E-408B-8219-8495B81796C9}.Release|Any CPU.ActiveCfg = Release|Any CPU
		{08FB69E7-5D3E-408B-8219-8495B81796C9}.Release|Any CPU.Build.0 = Release|Any CPU
		{BFB396DB-8CFC-46C1-9148-1305B4A72066}.Debug|Any CPU.ActiveCfg = Debug|Any CPU
		{BFB396DB-8CFC-46C1-9148-1305B4A72066}.Debug|Any CPU.Build.0 = Debug|Any CPU
		{BFB396DB-8CFC-46C1-9148-1305B4A72066}.Release|Any CPU.ActiveCfg = Release|Any CPU
		{BFB396DB-8CFC-46C1-9148-1305B4A72066}.Release|Any CPU.Build.0 = Release|Any CPU
		{2DC7F223-BDAF-4A3B-ADE2-0F378A918B3A}.Debug|Any CPU.ActiveCfg = Debug|Any CPU
		{2DC7F223-BDAF-4A3B-ADE2-0F378A918B3A}.Debug|Any CPU.Build.0 = Debug|Any CPU
		{2DC7F223-BDAF-4A3B-ADE2-0F378A918B3A}.Release|Any CPU.ActiveCfg = Release|Any CPU
		{2DC7F223-BDAF-4A3B-ADE2-0F378A918B3A}.Release|Any CPU.Build.0 = Release|Any CPU
		{0CD1DD99-3862-49A8-B716-08B685AA2A93}.Debug|Any CPU.ActiveCfg = Debug|Any CPU
		{0CD1DD99-3862-49A8-B716-08B685AA2A93}.Debug|Any CPU.Build.0 = Debug|Any CPU
		{0CD1DD99-3862-49A8-B716-08B685AA2A93}.Release|Any CPU.ActiveCfg = Release|Any CPU
		{0CD1DD99-3862-49A8-B716-08B685AA2A93}.Release|Any CPU.Build.0 = Release|Any CPU
		{33D7EA2C-6A9C-475C-8F03-CE819A848A40}.Debug|Any CPU.ActiveCfg = Debug|Any CPU
		{33D7EA2C-6A9C-475C-8F03-CE819A848A40}.Debug|Any CPU.Build.0 = Debug|Any CPU
		{33D7EA2C-6A9C-475C-8F03-CE819A848A40}.Release|Any CPU.ActiveCfg = Release|Any CPU
		{33D7EA2C-6A9C-475C-8F03-CE819A848A40}.Release|Any CPU.Build.0 = Release|Any CPU
		{871292A8-E3D9-4EF8-9A2C-51495B9C638A}.Debug|Any CPU.ActiveCfg = Debug|Any CPU
		{871292A8-E3D9-4EF8-9A2C-51495B9C638A}.Debug|Any CPU.Build.0 = Debug|Any CPU
		{871292A8-E3D9-4EF8-9A2C-51495B9C638A}.Release|Any CPU.ActiveCfg = Release|Any CPU
		{871292A8-E3D9-4EF8-9A2C-51495B9C638A}.Release|Any CPU.Build.0 = Release|Any CPU
		{F294274F-9B73-403C-AB77-4028EFCC301B}.Debug|Any CPU.ActiveCfg = Debug|Any CPU
		{F294274F-9B73-403C-AB77-4028EFCC301B}.Debug|Any CPU.Build.0 = Debug|Any CPU
		{F294274F-9B73-403C-AB77-4028EFCC301B}.Release|Any CPU.ActiveCfg = Release|Any CPU
		{F294274F-9B73-403C-AB77-4028EFCC301B}.Release|Any CPU.Build.0 = Release|Any CPU
	EndGlobalSection
	GlobalSection(SolutionProperties) = preSolution
		HideSolutionNode = FALSE
	EndGlobalSection
	GlobalSection(NestedProjects) = preSolution
		{BFB396DB-8CFC-46C1-9148-1305B4A72066} = {C61C101A-1A74-4916-9564-C7AF8F17E581}
		{2DC7F223-BDAF-4A3B-ADE2-0F378A918B3A} = {C61C101A-1A74-4916-9564-C7AF8F17E581}
		{0CD1DD99-3862-49A8-B716-08B685AA2A93} = {C61C101A-1A74-4916-9564-C7AF8F17E581}
		{33D7EA2C-6A9C-475C-8F03-CE819A848A40} = {C61C101A-1A74-4916-9564-C7AF8F17E581}
	EndGlobalSection
	GlobalSection(ExtensibilityGlobals) = postSolution
		SolutionGuid = {BC184D3B-C238-43B8-8361-49303B6D1A6B}
	EndGlobalSection
EndGlobal
