
Microsoft Visual Studio Solution File, Format Version 12.00
# Visual Studio 15
VisualStudioVersion = 15.0.27130.2026
MinimumVisualStudioVersion = 10.0.40219.1
Project("{9A19103F-16F7-4668-BE54-9A1E7A4F7556}") = "OldTests", "Tests\OldTests.csproj", "{08FB69E7-5D3E-408B-8219-8495B81796C9}"
EndProject
Project("{9A19103F-16F7-4668-BE54-9A1E7A4F7556}") = "Narfu", "Narfu\Narfu.csproj", "{BFB396DB-8CFC-46C1-9148-1305B4A72066}"
EndProject
Project("{9A19103F-16F7-4668-BE54-9A1E7A4F7556}") = "Vk", "Vk\Vk.csproj", "{2DC7F223-BDAF-4A3B-ADE2-0F378A918B3A}"
EndProject
Project("{9A19103F-16F7-4668-BE54-9A1E7A4F7556}") = "OpenWeatherMap", "OpenWeatherMap\OpenWeatherMap.csproj", "{0CD1DD99-3862-49A8-B716-08B685AA2A93}"
EndProject
Project("{9A19103F-16F7-4668-BE54-9A1E7A4F7556}") = "QuotesGenerator", "QuotesGenerator\QuotesGenerator.csproj", "{33D7EA2C-6A9C-475C-8F03-CE819A848A40}"
EndProject
Project("{9A19103F-16F7-4668-BE54-9A1E7A4F7556}") = "Goblin.Domain", "Goblin.Domain\Goblin.Domain.csproj", "{871292A8-E3D9-4EF8-9A2C-51495B9C638A}"
EndProject
Project("{9A19103F-16F7-4668-BE54-9A1E7A4F7556}") = "Goblin.Persistence", "Goblin.Persistence\Goblin.Persistence.csproj", "{F294274F-9B73-403C-AB77-4028EFCC301B}"
EndProject
Project("{2150E333-8FDC-42A3-9474-1A3956D46DE8}") = "Additions", "Additions", "{C61C101A-1A74-4916-9564-C7AF8F17E581}"
EndProject
Project("{9A19103F-16F7-4668-BE54-9A1E7A4F7556}") = "Goblin.Bot", "Goblin.Bot\Goblin.Bot.csproj", "{86B80A91-2310-4A60-9A61-AA3ABFBFC38F}"
EndProject
Project("{9A19103F-16F7-4668-BE54-9A1E7A4F7556}") = "Goblin.WebUI", "Goblin.WebUI\Goblin.WebUI.csproj", "{C61FCD1B-EA0E-4AB5-B1AE-3E61B317CEC9}"
EndProject
Project("{2150E333-8FDC-42A3-9474-1A3956D46DE8}") = "Bot", "Bot", "{D68023D1-660A-48E1-8C15-8F8F73F2CC74}"
EndProject
Project("{2150E333-8FDC-42A3-9474-1A3956D46DE8}") = "tests", "tests", "{58EF8ED8-8862-430B-859D-E7FA52DFB607}"
EndProject
Project("{9A19103F-16F7-4668-BE54-9A1E7A4F7556}") = "OpenWeatherMap.Tests", "OpenWeatherMap.Tests\OpenWeatherMap.Tests.csproj", "{9BF41426-954A-4B8B-A310-D5ACE2867373}"
EndProject
Project("{FAE04EC0-301F-11D3-BF4B-00C04F79EFBC}") = "Vk.Tests", "Vk.Tests\Vk.Tests.csproj", "{D4A68104-466D-4143-BE14-137B9403C12D}"
EndProject
Global
	GlobalSection(SolutionConfigurationPlatforms) = preSolution
		Debug|Any CPU = Debug|Any CPU
		Release|Any CPU = Release|Any CPU
	EndGlobalSection
	GlobalSection(ProjectConfigurationPlatforms) = postSolution
		{08FB69E7-5D3E-408B-8219-8495B81796C9}.Debug|Any CPU.ActiveCfg = Debug|Any CPU
		{08FB69E7-5D3E-408B-8219-8495B81796C9}.Debug|Any CPU.Build.0 = Debug|Any CPU
		{08FB69E7-5D3E-408B-8219-8495B81796C9}.Release|Any CPU.ActiveCfg = Release|Any CPU
		{08FB69E7-5D3E-408B-8219-8495B81796C9}.Release|Any CPU.Build.0 = Release|Any CPU
		{BFB396DB-8CFC-46C1-9148-1305B4A72066}.Debug|Any CPU.ActiveCfg = Debug|Any CPU
		{BFB396DB-8CFC-46C1-9148-1305B4A72066}.Debug|Any CPU.Build.0 = Debug|Any CPU
		{BFB396DB-8CFC-46C1-9148-1305B4A72066}.Release|Any CPU.ActiveCfg = Release|Any CPU
		{BFB396DB-8CFC-46C1-9148-1305B4A72066}.Release|Any CPU.Build.0 = Release|Any CPU
		{2DC7F223-BDAF-4A3B-ADE2-0F378A918B3A}.Debug|Any CPU.ActiveCfg = Debug|Any CPU
		{2DC7F223-BDAF-4A3B-ADE2-0F378A918B3A}.Debug|Any CPU.Build.0 = Debug|Any CPU
		{2DC7F223-BDAF-4A3B-ADE2-0F378A918B3A}.Release|Any CPU.ActiveCfg = Release|Any CPU
		{2DC7F223-BDAF-4A3B-ADE2-0F378A918B3A}.Release|Any CPU.Build.0 = Release|Any CPU
		{0CD1DD99-3862-49A8-B716-08B685AA2A93}.Debug|Any CPU.ActiveCfg = Debug|Any CPU
		{0CD1DD99-3862-49A8-B716-08B685AA2A93}.Debug|Any CPU.Build.0 = Debug|Any CPU
		{0CD1DD99-3862-49A8-B716-08B685AA2A93}.Release|Any CPU.ActiveCfg = Release|Any CPU
		{0CD1DD99-3862-49A8-B716-08B685AA2A93}.Release|Any CPU.Build.0 = Release|Any CPU
		{33D7EA2C-6A9C-475C-8F03-CE819A848A40}.Debug|Any CPU.ActiveCfg = Debug|Any CPU
		{33D7EA2C-6A9C-475C-8F03-CE819A848A40}.Debug|Any CPU.Build.0 = Debug|Any CPU
		{33D7EA2C-6A9C-475C-8F03-CE819A848A40}.Release|Any CPU.ActiveCfg = Release|Any CPU
		{33D7EA2C-6A9C-475C-8F03-CE819A848A40}.Release|Any CPU.Build.0 = Release|Any CPU
		{871292A8-E3D9-4EF8-9A2C-51495B9C638A}.Debug|Any CPU.ActiveCfg = Debug|Any CPU
		{871292A8-E3D9-4EF8-9A2C-51495B9C638A}.Debug|Any CPU.Build.0 = Debug|Any CPU
		{871292A8-E3D9-4EF8-9A2C-51495B9C638A}.Release|Any CPU.ActiveCfg = Release|Any CPU
		{871292A8-E3D9-4EF8-9A2C-51495B9C638A}.Release|Any CPU.Build.0 = Release|Any CPU
		{F294274F-9B73-403C-AB77-4028EFCC301B}.Debug|Any CPU.ActiveCfg = Debug|Any CPU
		{F294274F-9B73-403C-AB77-4028EFCC301B}.Debug|Any CPU.Build.0 = Debug|Any CPU
		{F294274F-9B73-403C-AB77-4028EFCC301B}.Release|Any CPU.ActiveCfg = Release|Any CPU
		{F294274F-9B73-403C-AB77-4028EFCC301B}.Release|Any CPU.Build.0 = Release|Any CPU
		{86B80A91-2310-4A60-9A61-AA3ABFBFC38F}.Debug|Any CPU.ActiveCfg = Debug|Any CPU
		{86B80A91-2310-4A60-9A61-AA3ABFBFC38F}.Debug|Any CPU.Build.0 = Debug|Any CPU
		{86B80A91-2310-4A60-9A61-AA3ABFBFC38F}.Release|Any CPU.ActiveCfg = Release|Any CPU
		{86B80A91-2310-4A60-9A61-AA3ABFBFC38F}.Release|Any CPU.Build.0 = Release|Any CPU
		{C61FCD1B-EA0E-4AB5-B1AE-3E61B317CEC9}.Debug|Any CPU.ActiveCfg = Debug|Any CPU
		{C61FCD1B-EA0E-4AB5-B1AE-3E61B317CEC9}.Debug|Any CPU.Build.0 = Debug|Any CPU
		{C61FCD1B-EA0E-4AB5-B1AE-3E61B317CEC9}.Release|Any CPU.ActiveCfg = Release|Any CPU
		{C61FCD1B-EA0E-4AB5-B1AE-3E61B317CEC9}.Release|Any CPU.Build.0 = Release|Any CPU
		{9BF41426-954A-4B8B-A310-D5ACE2867373}.Debug|Any CPU.ActiveCfg = Debug|Any CPU
		{9BF41426-954A-4B8B-A310-D5ACE2867373}.Debug|Any CPU.Build.0 = Debug|Any CPU
		{9BF41426-954A-4B8B-A310-D5ACE2867373}.Release|Any CPU.ActiveCfg = Release|Any CPU
		{9BF41426-954A-4B8B-A310-D5ACE2867373}.Release|Any CPU.Build.0 = Release|Any CPU
		{D4A68104-466D-4143-BE14-137B9403C12D}.Debug|Any CPU.ActiveCfg = Debug|Any CPU
		{D4A68104-466D-4143-BE14-137B9403C12D}.Debug|Any CPU.Build.0 = Debug|Any CPU
		{D4A68104-466D-4143-BE14-137B9403C12D}.Release|Any CPU.ActiveCfg = Release|Any CPU
		{D4A68104-466D-4143-BE14-137B9403C12D}.Release|Any CPU.Build.0 = Release|Any CPU
	EndGlobalSection
	GlobalSection(SolutionProperties) = preSolution
		HideSolutionNode = FALSE
	EndGlobalSection
	GlobalSection(NestedProjects) = preSolution
		{08FB69E7-5D3E-408B-8219-8495B81796C9} = {58EF8ED8-8862-430B-859D-E7FA52DFB607}
		{BFB396DB-8CFC-46C1-9148-1305B4A72066} = {C61C101A-1A74-4916-9564-C7AF8F17E581}
		{2DC7F223-BDAF-4A3B-ADE2-0F378A918B3A} = {C61C101A-1A74-4916-9564-C7AF8F17E581}
		{0CD1DD99-3862-49A8-B716-08B685AA2A93} = {C61C101A-1A74-4916-9564-C7AF8F17E581}
		{33D7EA2C-6A9C-475C-8F03-CE819A848A40} = {C61C101A-1A74-4916-9564-C7AF8F17E581}
		{871292A8-E3D9-4EF8-9A2C-51495B9C638A} = {D68023D1-660A-48E1-8C15-8F8F73F2CC74}
		{F294274F-9B73-403C-AB77-4028EFCC301B} = {D68023D1-660A-48E1-8C15-8F8F73F2CC74}
		{86B80A91-2310-4A60-9A61-AA3ABFBFC38F} = {D68023D1-660A-48E1-8C15-8F8F73F2CC74}
		{9BF41426-954A-4B8B-A310-D5ACE2867373} = {58EF8ED8-8862-430B-859D-E7FA52DFB607}
		{D4A68104-466D-4143-BE14-137B9403C12D} = {58EF8ED8-8862-430B-859D-E7FA52DFB607}
	EndGlobalSection
	GlobalSection(ExtensibilityGlobals) = postSolution
		SolutionGuid = {BC184D3B-C238-43B8-8361-49303B6D1A6B}
	EndGlobalSection
EndGlobal
