
Microsoft Visual Studio Solution File, Format Version 12.00
# Visual Studio Version 16
VisualStudioVersion = 16.0.29806.167
MinimumVisualStudioVersion = 15.0.26124.0
Project("{9A19103F-16F7-4668-BE54-9A1E7A4F7556}") = "Goblin.DataAccess", "Goblin.DataAccess\Goblin.DataAccess.csproj", "{E5A01996-2EEC-4E2E-9E44-0084FD8D71CA}"
EndProject
Project("{9A19103F-16F7-4668-BE54-9A1E7A4F7556}") = "Goblin.Domain", "Goblin.Domain\Goblin.Domain.csproj", "{AFED1A53-812F-420F-9223-2ED4FCEBD938}"
EndProject
Project("{9A19103F-16F7-4668-BE54-9A1E7A4F7556}") = "Goblin.Application.Core", "Goblin.Application.Core\Goblin.Application.Core.csproj", "{3E9EC0CA-31BC-4636-9C16-DBBFA1F5B097}"
EndProject
Project("{2150E333-8FDC-42A3-9474-1A3956D46DE8}") = "Additions", "Additions", "{4FA84E51-26A7-47AB-A2AD-61EDE5C73555}"
EndProject
Project("{FAE04EC0-301F-11D3-BF4B-00C04F79EFBC}") = "Goblin.Application.Vk", "Goblin.Application.Vk\Goblin.Application.Vk.csproj", "{084F4413-181C-4471-B3A1-5260768739D6}"
EndProject
Project("{FAE04EC0-301F-11D3-BF4B-00C04F79EFBC}") = "Goblin.Application.Telegram", "Goblin.Application.Telegram\Goblin.Application.Telegram.csproj", "{92AA65FF-E644-43AE-A96C-80FC1E3DF088}"
EndProject
Project("{FAE04EC0-301F-11D3-BF4B-00C04F79EFBC}") = "Goblin.BackgroundJobs", "Goblin.BackgroundJobs\Goblin.BackgroundJobs.csproj", "{8BA141A9-5ECB-4671-82C6-9A4C43C348FF}"
EndProject
Project("{FAE04EC0-301F-11D3-BF4B-00C04F79EFBC}") = "Goblin.Narfu", "Goblin.Narfu\Goblin.Narfu.csproj", "{EB4B266D-1030-44D7-87AF-F4153D506C9B}"
EndProject
Project("{FAE04EC0-301F-11D3-BF4B-00C04F79EFBC}") = "Goblin.OpenWeatherMap", "Goblin.OpenWeatherMap\Goblin.OpenWeatherMap.csproj", "{39DB7CF6-9733-48AF-8B22-9AD535981808}"
EndProject
Project("{FAE04EC0-301F-11D3-BF4B-00C04F79EFBC}") = "Goblin.WebApp", "Goblin.WebApp\Goblin.WebApp.csproj", "{FF06763B-E312-43D6-B940-50A3EE2C1A94}"
EndProject
Project("{2150E333-8FDC-42A3-9474-1A3956D46DE8}") = "Consumers", "Consumers", "{3CDC711A-0651-41BB-8EAB-1EE31EE26998}"
EndProject
Project("{2150E333-8FDC-42A3-9474-1A3956D46DE8}") = "Tests", "Tests", "{658F9869-6D2B-4DFA-BEAD-57705500A716}"
EndProject
Project("{FAE04EC0-301F-11D3-BF4B-00C04F79EFBC}") = "Goblin.Application.Core.Tests", "tests\Goblin.Application.Core.Tests\Goblin.Application.Core.Tests.csproj", "{5A0E896D-4EF9-4059-A7C2-0BF3B9B14100}"
EndProject
Project("{FAE04EC0-301F-11D3-BF4B-00C04F79EFBC}") = "Goblin.Narfu.Tests", "tests\Goblin.Narfu.Tests\Goblin.Narfu.Tests.csproj", "{8CB969E6-BED2-4005-854D-04104D507393}"
EndProject
Project("{FAE04EC0-301F-11D3-BF4B-00C04F79EFBC}") = "Goblin.OpenWeatherMap.Tests", "tests\Goblin.OpenWeatherMap.Tests\Goblin.OpenWeatherMap.Tests.csproj", "{23266F30-3716-49D4-8CA8-E9290BC69FE7}"
EndProject
Project("{2150E333-8FDC-42A3-9474-1A3956D46DE8}") = "Solution", "Solution", "{A40456BA-3C1E-4EF1-9C5C-015F17904A4E}"
	ProjectSection(SolutionItems) = preProject
		..\docker-compose.yml = ..\docker-compose.yml
		Directory.Build.props = Directory.Build.props
		..\README.md = ..\README.md
	EndProjectSection
EndProject
Global
	GlobalSection(SolutionConfigurationPlatforms) = preSolution
		Debug|Any CPU = Debug|Any CPU
		Debug|x64 = Debug|x64
		Debug|x86 = Debug|x86
		Release|Any CPU = Release|Any CPU
		Release|x64 = Release|x64
		Release|x86 = Release|x86
	EndGlobalSection
	GlobalSection(ProjectConfigurationPlatforms) = postSolution
		{E5A01996-2EEC-4E2E-9E44-0084FD8D71CA}.Debug|Any CPU.ActiveCfg = Debug|Any CPU
		{E5A01996-2EEC-4E2E-9E44-0084FD8D71CA}.Debug|Any CPU.Build.0 = Debug|Any CPU
		{E5A01996-2EEC-4E2E-9E44-0084FD8D71CA}.Debug|x64.ActiveCfg = Debug|Any CPU
		{E5A01996-2EEC-4E2E-9E44-0084FD8D71CA}.Debug|x64.Build.0 = Debug|Any CPU
		{E5A01996-2EEC-4E2E-9E44-0084FD8D71CA}.Debug|x86.ActiveCfg = Debug|Any CPU
		{E5A01996-2EEC-4E2E-9E44-0084FD8D71CA}.Debug|x86.Build.0 = Debug|Any CPU
		{E5A01996-2EEC-4E2E-9E44-0084FD8D71CA}.Release|Any CPU.ActiveCfg = Release|Any CPU
		{E5A01996-2EEC-4E2E-9E44-0084FD8D71CA}.Release|Any CPU.Build.0 = Release|Any CPU
		{E5A01996-2EEC-4E2E-9E44-0084FD8D71CA}.Release|x64.ActiveCfg = Release|Any CPU
		{E5A01996-2EEC-4E2E-9E44-0084FD8D71CA}.Release|x64.Build.0 = Release|Any CPU
		{E5A01996-2EEC-4E2E-9E44-0084FD8D71CA}.Release|x86.ActiveCfg = Release|Any CPU
		{E5A01996-2EEC-4E2E-9E44-0084FD8D71CA}.Release|x86.Build.0 = Release|Any CPU
		{AFED1A53-812F-420F-9223-2ED4FCEBD938}.Debug|Any CPU.ActiveCfg = Debug|Any CPU
		{AFED1A53-812F-420F-9223-2ED4FCEBD938}.Debug|Any CPU.Build.0 = Debug|Any CPU
		{AFED1A53-812F-420F-9223-2ED4FCEBD938}.Debug|x64.ActiveCfg = Debug|Any CPU
		{AFED1A53-812F-420F-9223-2ED4FCEBD938}.Debug|x64.Build.0 = Debug|Any CPU
		{AFED1A53-812F-420F-9223-2ED4FCEBD938}.Debug|x86.ActiveCfg = Debug|Any CPU
		{AFED1A53-812F-420F-9223-2ED4FCEBD938}.Debug|x86.Build.0 = Debug|Any CPU
		{AFED1A53-812F-420F-9223-2ED4FCEBD938}.Release|Any CPU.ActiveCfg = Release|Any CPU
		{AFED1A53-812F-420F-9223-2ED4FCEBD938}.Release|Any CPU.Build.0 = Release|Any CPU
		{AFED1A53-812F-420F-9223-2ED4FCEBD938}.Release|x64.ActiveCfg = Release|Any CPU
		{AFED1A53-812F-420F-9223-2ED4FCEBD938}.Release|x64.Build.0 = Release|Any CPU
		{AFED1A53-812F-420F-9223-2ED4FCEBD938}.Release|x86.ActiveCfg = Release|Any CPU
		{AFED1A53-812F-420F-9223-2ED4FCEBD938}.Release|x86.Build.0 = Release|Any CPU
		{3E9EC0CA-31BC-4636-9C16-DBBFA1F5B097}.Debug|Any CPU.ActiveCfg = Debug|Any CPU
		{3E9EC0CA-31BC-4636-9C16-DBBFA1F5B097}.Debug|Any CPU.Build.0 = Debug|Any CPU
		{3E9EC0CA-31BC-4636-9C16-DBBFA1F5B097}.Debug|x64.ActiveCfg = Debug|Any CPU
		{3E9EC0CA-31BC-4636-9C16-DBBFA1F5B097}.Debug|x64.Build.0 = Debug|Any CPU
		{3E9EC0CA-31BC-4636-9C16-DBBFA1F5B097}.Debug|x86.ActiveCfg = Debug|Any CPU
		{3E9EC0CA-31BC-4636-9C16-DBBFA1F5B097}.Debug|x86.Build.0 = Debug|Any CPU
		{3E9EC0CA-31BC-4636-9C16-DBBFA1F5B097}.Release|Any CPU.ActiveCfg = Release|Any CPU
		{3E9EC0CA-31BC-4636-9C16-DBBFA1F5B097}.Release|Any CPU.Build.0 = Release|Any CPU
		{3E9EC0CA-31BC-4636-9C16-DBBFA1F5B097}.Release|x64.ActiveCfg = Release|Any CPU
		{3E9EC0CA-31BC-4636-9C16-DBBFA1F5B097}.Release|x64.Build.0 = Release|Any CPU
		{3E9EC0CA-31BC-4636-9C16-DBBFA1F5B097}.Release|x86.ActiveCfg = Release|Any CPU
		{3E9EC0CA-31BC-4636-9C16-DBBFA1F5B097}.Release|x86.Build.0 = Release|Any CPU
		{084F4413-181C-4471-B3A1-5260768739D6}.Debug|Any CPU.ActiveCfg = Debug|Any CPU
		{084F4413-181C-4471-B3A1-5260768739D6}.Debug|Any CPU.Build.0 = Debug|Any CPU
		{084F4413-181C-4471-B3A1-5260768739D6}.Debug|x64.ActiveCfg = Debug|Any CPU
		{084F4413-181C-4471-B3A1-5260768739D6}.Debug|x64.Build.0 = Debug|Any CPU
		{084F4413-181C-4471-B3A1-5260768739D6}.Debug|x86.ActiveCfg = Debug|Any CPU
		{084F4413-181C-4471-B3A1-5260768739D6}.Debug|x86.Build.0 = Debug|Any CPU
		{084F4413-181C-4471-B3A1-5260768739D6}.Release|Any CPU.ActiveCfg = Release|Any CPU
		{084F4413-181C-4471-B3A1-5260768739D6}.Release|Any CPU.Build.0 = Release|Any CPU
		{084F4413-181C-4471-B3A1-5260768739D6}.Release|x64.ActiveCfg = Release|Any CPU
		{084F4413-181C-4471-B3A1-5260768739D6}.Release|x64.Build.0 = Release|Any CPU
		{084F4413-181C-4471-B3A1-5260768739D6}.Release|x86.ActiveCfg = Release|Any CPU
		{084F4413-181C-4471-B3A1-5260768739D6}.Release|x86.Build.0 = Release|Any CPU
		{92AA65FF-E644-43AE-A96C-80FC1E3DF088}.Debug|Any CPU.ActiveCfg = Debug|Any CPU
		{92AA65FF-E644-43AE-A96C-80FC1E3DF088}.Debug|Any CPU.Build.0 = Debug|Any CPU
		{92AA65FF-E644-43AE-A96C-80FC1E3DF088}.Debug|x64.ActiveCfg = Debug|Any CPU
		{92AA65FF-E644-43AE-A96C-80FC1E3DF088}.Debug|x64.Build.0 = Debug|Any CPU
		{92AA65FF-E644-43AE-A96C-80FC1E3DF088}.Debug|x86.ActiveCfg = Debug|Any CPU
		{92AA65FF-E644-43AE-A96C-80FC1E3DF088}.Debug|x86.Build.0 = Debug|Any CPU
		{92AA65FF-E644-43AE-A96C-80FC1E3DF088}.Release|Any CPU.ActiveCfg = Release|Any CPU
		{92AA65FF-E644-43AE-A96C-80FC1E3DF088}.Release|Any CPU.Build.0 = Release|Any CPU
		{92AA65FF-E644-43AE-A96C-80FC1E3DF088}.Release|x64.ActiveCfg = Release|Any CPU
		{92AA65FF-E644-43AE-A96C-80FC1E3DF088}.Release|x64.Build.0 = Release|Any CPU
		{92AA65FF-E644-43AE-A96C-80FC1E3DF088}.Release|x86.ActiveCfg = Release|Any CPU
		{92AA65FF-E644-43AE-A96C-80FC1E3DF088}.Release|x86.Build.0 = Release|Any CPU
		{8BA141A9-5ECB-4671-82C6-9A4C43C348FF}.Debug|Any CPU.ActiveCfg = Debug|Any CPU
		{8BA141A9-5ECB-4671-82C6-9A4C43C348FF}.Debug|Any CPU.Build.0 = Debug|Any CPU
		{8BA141A9-5ECB-4671-82C6-9A4C43C348FF}.Debug|x64.ActiveCfg = Debug|Any CPU
		{8BA141A9-5ECB-4671-82C6-9A4C43C348FF}.Debug|x64.Build.0 = Debug|Any CPU
		{8BA141A9-5ECB-4671-82C6-9A4C43C348FF}.Debug|x86.ActiveCfg = Debug|Any CPU
		{8BA141A9-5ECB-4671-82C6-9A4C43C348FF}.Debug|x86.Build.0 = Debug|Any CPU
		{8BA141A9-5ECB-4671-82C6-9A4C43C348FF}.Release|Any CPU.ActiveCfg = Release|Any CPU
		{8BA141A9-5ECB-4671-82C6-9A4C43C348FF}.Release|Any CPU.Build.0 = Release|Any CPU
		{8BA141A9-5ECB-4671-82C6-9A4C43C348FF}.Release|x64.ActiveCfg = Release|Any CPU
		{8BA141A9-5ECB-4671-82C6-9A4C43C348FF}.Release|x64.Build.0 = Release|Any CPU
		{8BA141A9-5ECB-4671-82C6-9A4C43C348FF}.Release|x86.ActiveCfg = Release|Any CPU
		{8BA141A9-5ECB-4671-82C6-9A4C43C348FF}.Release|x86.Build.0 = Release|Any CPU
		{EB4B266D-1030-44D7-87AF-F4153D506C9B}.Debug|Any CPU.ActiveCfg = Debug|Any CPU
		{EB4B266D-1030-44D7-87AF-F4153D506C9B}.Debug|Any CPU.Build.0 = Debug|Any CPU
		{EB4B266D-1030-44D7-87AF-F4153D506C9B}.Debug|x64.ActiveCfg = Debug|Any CPU
		{EB4B266D-1030-44D7-87AF-F4153D506C9B}.Debug|x64.Build.0 = Debug|Any CPU
		{EB4B266D-1030-44D7-87AF-F4153D506C9B}.Debug|x86.ActiveCfg = Debug|Any CPU
		{EB4B266D-1030-44D7-87AF-F4153D506C9B}.Debug|x86.Build.0 = Debug|Any CPU
		{EB4B266D-1030-44D7-87AF-F4153D506C9B}.Release|Any CPU.ActiveCfg = Release|Any CPU
		{EB4B266D-1030-44D7-87AF-F4153D506C9B}.Release|Any CPU.Build.0 = Release|Any CPU
		{EB4B266D-1030-44D7-87AF-F4153D506C9B}.Release|x64.ActiveCfg = Release|Any CPU
		{EB4B266D-1030-44D7-87AF-F4153D506C9B}.Release|x64.Build.0 = Release|Any CPU
		{EB4B266D-1030-44D7-87AF-F4153D506C9B}.Release|x86.ActiveCfg = Release|Any CPU
		{EB4B266D-1030-44D7-87AF-F4153D506C9B}.Release|x86.Build.0 = Release|Any CPU
		{39DB7CF6-9733-48AF-8B22-9AD535981808}.Debug|Any CPU.ActiveCfg = Debug|Any CPU
		{39DB7CF6-9733-48AF-8B22-9AD535981808}.Debug|Any CPU.Build.0 = Debug|Any CPU
		{39DB7CF6-9733-48AF-8B22-9AD535981808}.Debug|x64.ActiveCfg = Debug|Any CPU
		{39DB7CF6-9733-48AF-8B22-9AD535981808}.Debug|x64.Build.0 = Debug|Any CPU
		{39DB7CF6-9733-48AF-8B22-9AD535981808}.Debug|x86.ActiveCfg = Debug|Any CPU
		{39DB7CF6-9733-48AF-8B22-9AD535981808}.Debug|x86.Build.0 = Debug|Any CPU
		{39DB7CF6-9733-48AF-8B22-9AD535981808}.Release|Any CPU.ActiveCfg = Release|Any CPU
		{39DB7CF6-9733-48AF-8B22-9AD535981808}.Release|Any CPU.Build.0 = Release|Any CPU
		{39DB7CF6-9733-48AF-8B22-9AD535981808}.Release|x64.ActiveCfg = Release|Any CPU
		{39DB7CF6-9733-48AF-8B22-9AD535981808}.Release|x64.Build.0 = Release|Any CPU
		{39DB7CF6-9733-48AF-8B22-9AD535981808}.Release|x86.ActiveCfg = Release|Any CPU
		{39DB7CF6-9733-48AF-8B22-9AD535981808}.Release|x86.Build.0 = Release|Any CPU
		{FF06763B-E312-43D6-B940-50A3EE2C1A94}.Debug|Any CPU.ActiveCfg = Debug|Any CPU
		{FF06763B-E312-43D6-B940-50A3EE2C1A94}.Debug|Any CPU.Build.0 = Debug|Any CPU
		{FF06763B-E312-43D6-B940-50A3EE2C1A94}.Debug|x64.ActiveCfg = Debug|Any CPU
		{FF06763B-E312-43D6-B940-50A3EE2C1A94}.Debug|x64.Build.0 = Debug|Any CPU
		{FF06763B-E312-43D6-B940-50A3EE2C1A94}.Debug|x86.ActiveCfg = Debug|Any CPU
		{FF06763B-E312-43D6-B940-50A3EE2C1A94}.Debug|x86.Build.0 = Debug|Any CPU
		{FF06763B-E312-43D6-B940-50A3EE2C1A94}.Release|Any CPU.ActiveCfg = Release|Any CPU
		{FF06763B-E312-43D6-B940-50A3EE2C1A94}.Release|Any CPU.Build.0 = Release|Any CPU
		{FF06763B-E312-43D6-B940-50A3EE2C1A94}.Release|x64.ActiveCfg = Release|Any CPU
		{FF06763B-E312-43D6-B940-50A3EE2C1A94}.Release|x64.Build.0 = Release|Any CPU
		{FF06763B-E312-43D6-B940-50A3EE2C1A94}.Release|x86.ActiveCfg = Release|Any CPU
		{FF06763B-E312-43D6-B940-50A3EE2C1A94}.Release|x86.Build.0 = Release|Any CPU
		{5A0E896D-4EF9-4059-A7C2-0BF3B9B14100}.Debug|Any CPU.ActiveCfg = Debug|Any CPU
		{5A0E896D-4EF9-4059-A7C2-0BF3B9B14100}.Debug|Any CPU.Build.0 = Debug|Any CPU
		{5A0E896D-4EF9-4059-A7C2-0BF3B9B14100}.Debug|x64.ActiveCfg = Debug|Any CPU
		{5A0E896D-4EF9-4059-A7C2-0BF3B9B14100}.Debug|x64.Build.0 = Debug|Any CPU
		{5A0E896D-4EF9-4059-A7C2-0BF3B9B14100}.Debug|x86.ActiveCfg = Debug|Any CPU
		{5A0E896D-4EF9-4059-A7C2-0BF3B9B14100}.Debug|x86.Build.0 = Debug|Any CPU
		{5A0E896D-4EF9-4059-A7C2-0BF3B9B14100}.Release|Any CPU.ActiveCfg = Release|Any CPU
		{5A0E896D-4EF9-4059-A7C2-0BF3B9B14100}.Release|Any CPU.Build.0 = Release|Any CPU
		{5A0E896D-4EF9-4059-A7C2-0BF3B9B14100}.Release|x64.ActiveCfg = Release|Any CPU
		{5A0E896D-4EF9-4059-A7C2-0BF3B9B14100}.Release|x64.Build.0 = Release|Any CPU
		{5A0E896D-4EF9-4059-A7C2-0BF3B9B14100}.Release|x86.ActiveCfg = Release|Any CPU
		{5A0E896D-4EF9-4059-A7C2-0BF3B9B14100}.Release|x86.Build.0 = Release|Any CPU
		{8CB969E6-BED2-4005-854D-04104D507393}.Debug|Any CPU.ActiveCfg = Debug|Any CPU
		{8CB969E6-BED2-4005-854D-04104D507393}.Debug|Any CPU.Build.0 = Debug|Any CPU
		{8CB969E6-BED2-4005-854D-04104D507393}.Debug|x64.ActiveCfg = Debug|Any CPU
		{8CB969E6-BED2-4005-854D-04104D507393}.Debug|x64.Build.0 = Debug|Any CPU
		{8CB969E6-BED2-4005-854D-04104D507393}.Debug|x86.ActiveCfg = Debug|Any CPU
		{8CB969E6-BED2-4005-854D-04104D507393}.Debug|x86.Build.0 = Debug|Any CPU
		{8CB969E6-BED2-4005-854D-04104D507393}.Release|Any CPU.ActiveCfg = Release|Any CPU
		{8CB969E6-BED2-4005-854D-04104D507393}.Release|Any CPU.Build.0 = Release|Any CPU
		{8CB969E6-BED2-4005-854D-04104D507393}.Release|x64.ActiveCfg = Release|Any CPU
		{8CB969E6-BED2-4005-854D-04104D507393}.Release|x64.Build.0 = Release|Any CPU
		{8CB969E6-BED2-4005-854D-04104D507393}.Release|x86.ActiveCfg = Release|Any CPU
		{8CB969E6-BED2-4005-854D-04104D507393}.Release|x86.Build.0 = Release|Any CPU
		{23266F30-3716-49D4-8CA8-E9290BC69FE7}.Debug|Any CPU.ActiveCfg = Debug|Any CPU
		{23266F30-3716-49D4-8CA8-E9290BC69FE7}.Debug|Any CPU.Build.0 = Debug|Any CPU
		{23266F30-3716-49D4-8CA8-E9290BC69FE7}.Debug|x64.ActiveCfg = Debug|Any CPU
		{23266F30-3716-49D4-8CA8-E9290BC69FE7}.Debug|x64.Build.0 = Debug|Any CPU
		{23266F30-3716-49D4-8CA8-E9290BC69FE7}.Debug|x86.ActiveCfg = Debug|Any CPU
		{23266F30-3716-49D4-8CA8-E9290BC69FE7}.Debug|x86.Build.0 = Debug|Any CPU
		{23266F30-3716-49D4-8CA8-E9290BC69FE7}.Release|Any CPU.ActiveCfg = Release|Any CPU
		{23266F30-3716-49D4-8CA8-E9290BC69FE7}.Release|Any CPU.Build.0 = Release|Any CPU
		{23266F30-3716-49D4-8CA8-E9290BC69FE7}.Release|x64.ActiveCfg = Release|Any CPU
		{23266F30-3716-49D4-8CA8-E9290BC69FE7}.Release|x64.Build.0 = Release|Any CPU
		{23266F30-3716-49D4-8CA8-E9290BC69FE7}.Release|x86.ActiveCfg = Release|Any CPU
		{23266F30-3716-49D4-8CA8-E9290BC69FE7}.Release|x86.Build.0 = Release|Any CPU
	EndGlobalSection
	GlobalSection(SolutionProperties) = preSolution
		HideSolutionNode = FALSE
	EndGlobalSection
	GlobalSection(NestedProjects) = preSolution
		{EB4B266D-1030-44D7-87AF-F4153D506C9B} = {4FA84E51-26A7-47AB-A2AD-61EDE5C73555}
		{39DB7CF6-9733-48AF-8B22-9AD535981808} = {4FA84E51-26A7-47AB-A2AD-61EDE5C73555}
		{92AA65FF-E644-43AE-A96C-80FC1E3DF088} = {3CDC711A-0651-41BB-8EAB-1EE31EE26998}
		{084F4413-181C-4471-B3A1-5260768739D6} = {3CDC711A-0651-41BB-8EAB-1EE31EE26998}
		{5A0E896D-4EF9-4059-A7C2-0BF3B9B14100} = {658F9869-6D2B-4DFA-BEAD-57705500A716}
		{8CB969E6-BED2-4005-854D-04104D507393} = {658F9869-6D2B-4DFA-BEAD-57705500A716}
		{23266F30-3716-49D4-8CA8-E9290BC69FE7} = {658F9869-6D2B-4DFA-BEAD-57705500A716}
	EndGlobalSection
	GlobalSection(ExtensibilityGlobals) = postSolution
		SolutionGuid = {D5B195CC-EFC0-44B0-84D1-1E7B5D0FBF5A}
	EndGlobalSection
EndGlobal
