
Microsoft Visual Studio Solution File, Format Version 12.00
# Visual Studio Version 16
VisualStudioVersion = 16.0.29806.167
MinimumVisualStudioVersion = 15.0.26124.0
Project("{9A19103F-16F7-4668-BE54-9A1E7A4F7556}") = "Goblin.DataAccess", "Goblin.DataAccess\Goblin.DataAccess.csproj", "{E5A01996-2EEC-4E2E-9E44-0084FD8D71CA}"
EndProject
Project("{9A19103F-16F7-4668-BE54-9A1E7A4F7556}") = "Goblin.Domain", "Goblin.Domain\Goblin.Domain.csproj", "{AFED1A53-812F-420F-9223-2ED4FCEBD938}"
EndProject
Project("{9A19103F-16F7-4668-BE54-9A1E7A4F7556}") = "Goblin.Application.Core", "Goblin.Application.Core\Goblin.Application.Core.csproj", "{3E9EC0CA-31BC-4636-9C16-DBBFA1F5B097}"
EndProject
Project("{9A19103F-16F7-4668-BE54-9A1E7A4F7556}") = "Goblin.OpenWeatherMap", "Goblin.OpenWeatherMap\Goblin.OpenWeatherMap.csproj", "{B2FDC55D-A919-44FC-A21A-F5C408BABA11}"
EndProject
Project("{2150E333-8FDC-42A3-9474-1A3956D46DE8}") = "Additions", "Additions", "{4FA84E51-26A7-47AB-A2AD-61EDE5C73555}"
EndProject
Project("{9A19103F-16F7-4668-BE54-9A1E7A4F7556}") = "Goblin.Narfu", "Goblin.Narfu\Goblin.Narfu.csproj", "{13BE5267-23FF-480F-98E6-B1A02EFE7B1E}"
EndProject
Project("{9A19103F-16F7-4668-BE54-9A1E7A4F7556}") = "Goblin.WebApp", "Goblin.WebApp\Goblin.WebApp.csproj", "{163F2A98-C35A-46BC-A769-6C9DD9822D4C}"
EndProject
Project("{2150E333-8FDC-42A3-9474-1A3956D46DE8}") = "Tests", "..\tests", "{8C4DF9AB-BF9E-4534-A4F9-F8F38BF091AE}"
EndProject
Project("{9A19103F-16F7-4668-BE54-9A1E7A4F7556}") = "ICalParser", "ICalParser\ICalParser.csproj", "{DBFB5FF6-F550-4A85-A0C3-0B632DF77907}"
EndProject
Project("{FAE04EC0-301F-11D3-BF4B-00C04F79EFBC}") = "Goblin.Narfu.Tests", "..\tests\Goblin.Narfu.Tests\Goblin.Narfu.Tests.csproj", "{563FB6B0-8CF8-433C-B7CC-EB260BDEEA8E}"
EndProject
Project("{FAE04EC0-301F-11D3-BF4B-00C04F79EFBC}") = "Goblin.OpenWeatherMap.Tests", "..\tests\Goblin.OpenWeatherMap.Tests\Goblin.OpenWeatherMap.Tests.csproj", "{71CBDF0C-7229-46FF-8495-042FDC46FD7A}"
EndProject
Project("{FAE04EC0-301F-11D3-BF4B-00C04F79EFBC}") = "Goblin.Application.Vk", "Goblin.Application.Vk\Goblin.Application.Vk.csproj", "{084F4413-181C-4471-B3A1-5260768739D6}"
EndProject
Global
	GlobalSection(SolutionConfigurationPlatforms) = preSolution
		Debug|Any CPU = Debug|Any CPU
		Debug|x64 = Debug|x64
		Debug|x86 = Debug|x86
		Release|Any CPU = Release|Any CPU
		Release|x64 = Release|x64
		Release|x86 = Release|x86
	EndGlobalSection
	GlobalSection(ProjectConfigurationPlatforms) = postSolution
		{E5A01996-2EEC-4E2E-9E44-0084FD8D71CA}.Debug|Any CPU.ActiveCfg = Debug|Any CPU
		{E5A01996-2EEC-4E2E-9E44-0084FD8D71CA}.Debug|Any CPU.Build.0 = Debug|Any CPU
		{E5A01996-2EEC-4E2E-9E44-0084FD8D71CA}.Debug|x64.ActiveCfg = Debug|Any CPU
		{E5A01996-2EEC-4E2E-9E44-0084FD8D71CA}.Debug|x64.Build.0 = Debug|Any CPU
		{E5A01996-2EEC-4E2E-9E44-0084FD8D71CA}.Debug|x86.ActiveCfg = Debug|Any CPU
		{E5A01996-2EEC-4E2E-9E44-0084FD8D71CA}.Debug|x86.Build.0 = Debug|Any CPU
		{E5A01996-2EEC-4E2E-9E44-0084FD8D71CA}.Release|Any CPU.ActiveCfg = Release|Any CPU
		{E5A01996-2EEC-4E2E-9E44-0084FD8D71CA}.Release|Any CPU.Build.0 = Release|Any CPU
		{E5A01996-2EEC-4E2E-9E44-0084FD8D71CA}.Release|x64.ActiveCfg = Release|Any CPU
		{E5A01996-2EEC-4E2E-9E44-0084FD8D71CA}.Release|x64.Build.0 = Release|Any CPU
		{E5A01996-2EEC-4E2E-9E44-0084FD8D71CA}.Release|x86.ActiveCfg = Release|Any CPU
		{E5A01996-2EEC-4E2E-9E44-0084FD8D71CA}.Release|x86.Build.0 = Release|Any CPU
		{AFED1A53-812F-420F-9223-2ED4FCEBD938}.Debug|Any CPU.ActiveCfg = Debug|Any CPU
		{AFED1A53-812F-420F-9223-2ED4FCEBD938}.Debug|Any CPU.Build.0 = Debug|Any CPU
		{AFED1A53-812F-420F-9223-2ED4FCEBD938}.Debug|x64.ActiveCfg = Debug|Any CPU
		{AFED1A53-812F-420F-9223-2ED4FCEBD938}.Debug|x64.Build.0 = Debug|Any CPU
		{AFED1A53-812F-420F-9223-2ED4FCEBD938}.Debug|x86.ActiveCfg = Debug|Any CPU
		{AFED1A53-812F-420F-9223-2ED4FCEBD938}.Debug|x86.Build.0 = Debug|Any CPU
		{AFED1A53-812F-420F-9223-2ED4FCEBD938}.Release|Any CPU.ActiveCfg = Release|Any CPU
		{AFED1A53-812F-420F-9223-2ED4FCEBD938}.Release|Any CPU.Build.0 = Release|Any CPU
		{AFED1A53-812F-420F-9223-2ED4FCEBD938}.Release|x64.ActiveCfg = Release|Any CPU
		{AFED1A53-812F-420F-9223-2ED4FCEBD938}.Release|x64.Build.0 = Release|Any CPU
		{AFED1A53-812F-420F-9223-2ED4FCEBD938}.Release|x86.ActiveCfg = Release|Any CPU
		{AFED1A53-812F-420F-9223-2ED4FCEBD938}.Release|x86.Build.0 = Release|Any CPU
		{3E9EC0CA-31BC-4636-9C16-DBBFA1F5B097}.Debug|Any CPU.ActiveCfg = Debug|Any CPU
		{3E9EC0CA-31BC-4636-9C16-DBBFA1F5B097}.Debug|Any CPU.Build.0 = Debug|Any CPU
		{3E9EC0CA-31BC-4636-9C16-DBBFA1F5B097}.Debug|x64.ActiveCfg = Debug|Any CPU
		{3E9EC0CA-31BC-4636-9C16-DBBFA1F5B097}.Debug|x64.Build.0 = Debug|Any CPU
		{3E9EC0CA-31BC-4636-9C16-DBBFA1F5B097}.Debug|x86.ActiveCfg = Debug|Any CPU
		{3E9EC0CA-31BC-4636-9C16-DBBFA1F5B097}.Debug|x86.Build.0 = Debug|Any CPU
		{3E9EC0CA-31BC-4636-9C16-DBBFA1F5B097}.Release|Any CPU.ActiveCfg = Release|Any CPU
		{3E9EC0CA-31BC-4636-9C16-DBBFA1F5B097}.Release|Any CPU.Build.0 = Release|Any CPU
		{3E9EC0CA-31BC-4636-9C16-DBBFA1F5B097}.Release|x64.ActiveCfg = Release|Any CPU
		{3E9EC0CA-31BC-4636-9C16-DBBFA1F5B097}.Release|x64.Build.0 = Release|Any CPU
		{3E9EC0CA-31BC-4636-9C16-DBBFA1F5B097}.Release|x86.ActiveCfg = Release|Any CPU
		{3E9EC0CA-31BC-4636-9C16-DBBFA1F5B097}.Release|x86.Build.0 = Release|Any CPU
		{B2FDC55D-A919-44FC-A21A-F5C408BABA11}.Debug|Any CPU.ActiveCfg = Debug|Any CPU
		{B2FDC55D-A919-44FC-A21A-F5C408BABA11}.Debug|Any CPU.Build.0 = Debug|Any CPU
		{B2FDC55D-A919-44FC-A21A-F5C408BABA11}.Debug|x64.ActiveCfg = Debug|Any CPU
		{B2FDC55D-A919-44FC-A21A-F5C408BABA11}.Debug|x64.Build.0 = Debug|Any CPU
		{B2FDC55D-A919-44FC-A21A-F5C408BABA11}.Debug|x86.ActiveCfg = Debug|Any CPU
		{B2FDC55D-A919-44FC-A21A-F5C408BABA11}.Debug|x86.Build.0 = Debug|Any CPU
		{B2FDC55D-A919-44FC-A21A-F5C408BABA11}.Release|Any CPU.ActiveCfg = Release|Any CPU
		{B2FDC55D-A919-44FC-A21A-F5C408BABA11}.Release|Any CPU.Build.0 = Release|Any CPU
		{B2FDC55D-A919-44FC-A21A-F5C408BABA11}.Release|x64.ActiveCfg = Release|Any CPU
		{B2FDC55D-A919-44FC-A21A-F5C408BABA11}.Release|x64.Build.0 = Release|Any CPU
		{B2FDC55D-A919-44FC-A21A-F5C408BABA11}.Release|x86.ActiveCfg = Release|Any CPU
		{B2FDC55D-A919-44FC-A21A-F5C408BABA11}.Release|x86.Build.0 = Release|Any CPU
		{13BE5267-23FF-480F-98E6-B1A02EFE7B1E}.Debug|Any CPU.ActiveCfg = Debug|Any CPU
		{13BE5267-23FF-480F-98E6-B1A02EFE7B1E}.Debug|Any CPU.Build.0 = Debug|Any CPU
		{13BE5267-23FF-480F-98E6-B1A02EFE7B1E}.Debug|x64.ActiveCfg = Debug|Any CPU
		{13BE5267-23FF-480F-98E6-B1A02EFE7B1E}.Debug|x64.Build.0 = Debug|Any CPU
		{13BE5267-23FF-480F-98E6-B1A02EFE7B1E}.Debug|x86.ActiveCfg = Debug|Any CPU
		{13BE5267-23FF-480F-98E6-B1A02EFE7B1E}.Debug|x86.Build.0 = Debug|Any CPU
		{13BE5267-23FF-480F-98E6-B1A02EFE7B1E}.Release|Any CPU.ActiveCfg = Release|Any CPU
		{13BE5267-23FF-480F-98E6-B1A02EFE7B1E}.Release|Any CPU.Build.0 = Release|Any CPU
		{13BE5267-23FF-480F-98E6-B1A02EFE7B1E}.Release|x64.ActiveCfg = Release|Any CPU
		{13BE5267-23FF-480F-98E6-B1A02EFE7B1E}.Release|x64.Build.0 = Release|Any CPU
		{13BE5267-23FF-480F-98E6-B1A02EFE7B1E}.Release|x86.ActiveCfg = Release|Any CPU
		{13BE5267-23FF-480F-98E6-B1A02EFE7B1E}.Release|x86.Build.0 = Release|Any CPU
		{163F2A98-C35A-46BC-A769-6C9DD9822D4C}.Debug|Any CPU.ActiveCfg = Debug|Any CPU
		{163F2A98-C35A-46BC-A769-6C9DD9822D4C}.Debug|Any CPU.Build.0 = Debug|Any CPU
		{163F2A98-C35A-46BC-A769-6C9DD9822D4C}.Debug|x64.ActiveCfg = Debug|Any CPU
		{163F2A98-C35A-46BC-A769-6C9DD9822D4C}.Debug|x64.Build.0 = Debug|Any CPU
		{163F2A98-C35A-46BC-A769-6C9DD9822D4C}.Debug|x86.ActiveCfg = Debug|Any CPU
		{163F2A98-C35A-46BC-A769-6C9DD9822D4C}.Debug|x86.Build.0 = Debug|Any CPU
		{163F2A98-C35A-46BC-A769-6C9DD9822D4C}.Release|Any CPU.ActiveCfg = Release|Any CPU
		{163F2A98-C35A-46BC-A769-6C9DD9822D4C}.Release|Any CPU.Build.0 = Release|Any CPU
		{163F2A98-C35A-46BC-A769-6C9DD9822D4C}.Release|x64.ActiveCfg = Release|Any CPU
		{163F2A98-C35A-46BC-A769-6C9DD9822D4C}.Release|x64.Build.0 = Release|Any CPU
		{163F2A98-C35A-46BC-A769-6C9DD9822D4C}.Release|x86.ActiveCfg = Release|Any CPU
		{163F2A98-C35A-46BC-A769-6C9DD9822D4C}.Release|x86.Build.0 = Release|Any CPU
		{DBFB5FF6-F550-4A85-A0C3-0B632DF77907}.Debug|Any CPU.ActiveCfg = Debug|Any CPU
		{DBFB5FF6-F550-4A85-A0C3-0B632DF77907}.Debug|Any CPU.Build.0 = Debug|Any CPU
		{DBFB5FF6-F550-4A85-A0C3-0B632DF77907}.Debug|x64.ActiveCfg = Debug|Any CPU
		{DBFB5FF6-F550-4A85-A0C3-0B632DF77907}.Debug|x64.Build.0 = Debug|Any CPU
		{DBFB5FF6-F550-4A85-A0C3-0B632DF77907}.Debug|x86.ActiveCfg = Debug|Any CPU
		{DBFB5FF6-F550-4A85-A0C3-0B632DF77907}.Debug|x86.Build.0 = Debug|Any CPU
		{DBFB5FF6-F550-4A85-A0C3-0B632DF77907}.Release|Any CPU.ActiveCfg = Release|Any CPU
		{DBFB5FF6-F550-4A85-A0C3-0B632DF77907}.Release|Any CPU.Build.0 = Release|Any CPU
		{DBFB5FF6-F550-4A85-A0C3-0B632DF77907}.Release|x64.ActiveCfg = Release|Any CPU
		{DBFB5FF6-F550-4A85-A0C3-0B632DF77907}.Release|x64.Build.0 = Release|Any CPU
		{DBFB5FF6-F550-4A85-A0C3-0B632DF77907}.Release|x86.ActiveCfg = Release|Any CPU
		{DBFB5FF6-F550-4A85-A0C3-0B632DF77907}.Release|x86.Build.0 = Release|Any CPU
		{563FB6B0-8CF8-433C-B7CC-EB260BDEEA8E}.Debug|Any CPU.ActiveCfg = Debug|Any CPU
		{563FB6B0-8CF8-433C-B7CC-EB260BDEEA8E}.Debug|Any CPU.Build.0 = Debug|Any CPU
		{563FB6B0-8CF8-433C-B7CC-EB260BDEEA8E}.Debug|x64.ActiveCfg = Debug|Any CPU
		{563FB6B0-8CF8-433C-B7CC-EB260BDEEA8E}.Debug|x64.Build.0 = Debug|Any CPU
		{563FB6B0-8CF8-433C-B7CC-EB260BDEEA8E}.Debug|x86.ActiveCfg = Debug|Any CPU
		{563FB6B0-8CF8-433C-B7CC-EB260BDEEA8E}.Debug|x86.Build.0 = Debug|Any CPU
		{563FB6B0-8CF8-433C-B7CC-EB260BDEEA8E}.Release|Any CPU.ActiveCfg = Release|Any CPU
		{563FB6B0-8CF8-433C-B7CC-EB260BDEEA8E}.Release|Any CPU.Build.0 = Release|Any CPU
		{563FB6B0-8CF8-433C-B7CC-EB260BDEEA8E}.Release|x64.ActiveCfg = Release|Any CPU
		{563FB6B0-8CF8-433C-B7CC-EB260BDEEA8E}.Release|x64.Build.0 = Release|Any CPU
		{563FB6B0-8CF8-433C-B7CC-EB260BDEEA8E}.Release|x86.ActiveCfg = Release|Any CPU
		{563FB6B0-8CF8-433C-B7CC-EB260BDEEA8E}.Release|x86.Build.0 = Release|Any CPU
		{71CBDF0C-7229-46FF-8495-042FDC46FD7A}.Debug|Any CPU.ActiveCfg = Debug|Any CPU
		{71CBDF0C-7229-46FF-8495-042FDC46FD7A}.Debug|Any CPU.Build.0 = Debug|Any CPU
		{71CBDF0C-7229-46FF-8495-042FDC46FD7A}.Debug|x64.ActiveCfg = Debug|Any CPU
		{71CBDF0C-7229-46FF-8495-042FDC46FD7A}.Debug|x64.Build.0 = Debug|Any CPU
		{71CBDF0C-7229-46FF-8495-042FDC46FD7A}.Debug|x86.ActiveCfg = Debug|Any CPU
		{71CBDF0C-7229-46FF-8495-042FDC46FD7A}.Debug|x86.Build.0 = Debug|Any CPU
		{71CBDF0C-7229-46FF-8495-042FDC46FD7A}.Release|Any CPU.ActiveCfg = Release|Any CPU
		{71CBDF0C-7229-46FF-8495-042FDC46FD7A}.Release|Any CPU.Build.0 = Release|Any CPU
		{71CBDF0C-7229-46FF-8495-042FDC46FD7A}.Release|x64.ActiveCfg = Release|Any CPU
		{71CBDF0C-7229-46FF-8495-042FDC46FD7A}.Release|x64.Build.0 = Release|Any CPU
		{71CBDF0C-7229-46FF-8495-042FDC46FD7A}.Release|x86.ActiveCfg = Release|Any CPU
		{71CBDF0C-7229-46FF-8495-042FDC46FD7A}.Release|x86.Build.0 = Release|Any CPU
		{084F4413-181C-4471-B3A1-5260768739D6}.Debug|Any CPU.ActiveCfg = Debug|Any CPU
		{084F4413-181C-4471-B3A1-5260768739D6}.Debug|Any CPU.Build.0 = Debug|Any CPU
		{084F4413-181C-4471-B3A1-5260768739D6}.Debug|x64.ActiveCfg = Debug|Any CPU
		{084F4413-181C-4471-B3A1-5260768739D6}.Debug|x64.Build.0 = Debug|Any CPU
		{084F4413-181C-4471-B3A1-5260768739D6}.Debug|x86.ActiveCfg = Debug|Any CPU
		{084F4413-181C-4471-B3A1-5260768739D6}.Debug|x86.Build.0 = Debug|Any CPU
		{084F4413-181C-4471-B3A1-5260768739D6}.Release|Any CPU.ActiveCfg = Release|Any CPU
		{084F4413-181C-4471-B3A1-5260768739D6}.Release|Any CPU.Build.0 = Release|Any CPU
		{084F4413-181C-4471-B3A1-5260768739D6}.Release|x64.ActiveCfg = Release|Any CPU
		{084F4413-181C-4471-B3A1-5260768739D6}.Release|x64.Build.0 = Release|Any CPU
		{084F4413-181C-4471-B3A1-5260768739D6}.Release|x86.ActiveCfg = Release|Any CPU
		{084F4413-181C-4471-B3A1-5260768739D6}.Release|x86.Build.0 = Release|Any CPU
	EndGlobalSection
	GlobalSection(SolutionProperties) = preSolution
		HideSolutionNode = FALSE
	EndGlobalSection
	GlobalSection(NestedProjects) = preSolution
		{B2FDC55D-A919-44FC-A21A-F5C408BABA11} = {4FA84E51-26A7-47AB-A2AD-61EDE5C73555}
		{13BE5267-23FF-480F-98E6-B1A02EFE7B1E} = {4FA84E51-26A7-47AB-A2AD-61EDE5C73555}
		{DBFB5FF6-F550-4A85-A0C3-0B632DF77907} = {4FA84E51-26A7-47AB-A2AD-61EDE5C73555}
		{563FB6B0-8CF8-433C-B7CC-EB260BDEEA8E} = {8C4DF9AB-BF9E-4534-A4F9-F8F38BF091AE}
		{71CBDF0C-7229-46FF-8495-042FDC46FD7A} = {8C4DF9AB-BF9E-4534-A4F9-F8F38BF091AE}
	EndGlobalSection
	GlobalSection(ExtensibilityGlobals) = postSolution
		SolutionGuid = {D5B195CC-EFC0-44B0-84D1-1E7B5D0FBF5A}
	EndGlobalSection
EndGlobal
